
Microsoft Visual Studio Solution File, Format Version 12.00
# Visual Studio Version 17
VisualStudioVersion = 17.5.002.0
MinimumVisualStudioVersion = 10.0.40219.1
Project("{9A19103F-16F7-4668-BE54-9A1E7A4F7556}") = "MiApi", "MiApi.csproj", "{B99768E2-C5B1-484E-A8C4-DF2BD1CDF1C5}"
EndProject
Global
	GlobalSection(SolutionConfigurationPlatforms) = preSolution
		Debug|Any CPU = Debug|Any CPU
		Release|Any CPU = Release|Any CPU
	EndGlobalSection
	GlobalSection(ProjectConfigurationPlatforms) = postSolution
		{B99768E2-C5B1-484E-A8C4-DF2BD1CDF1C5}.Debug|Any CPU.ActiveCfg = Debug|Any CPU
		{B99768E2-C5B1-484E-A8C4-DF2BD1CDF1C5}.Debug|Any CPU.Build.0 = Debug|Any CPU
		{B99768E2-C5B1-484E-A8C4-DF2BD1CDF1C5}.Release|Any CPU.ActiveCfg = Release|Any CPU
		{B99768E2-C5B1-484E-A8C4-DF2BD1CDF1C5}.Release|Any CPU.Build.0 = Release|Any CPU
	EndGlobalSection
	GlobalSection(SolutionProperties) = preSolution
		HideSolutionNode = FALSE
	EndGlobalSection
	GlobalSection(ExtensibilityGlobals) = postSolution
		SolutionGuid = {E852CC6E-76CA-4E2F-A4CF-FC4F7C587F69}
	EndGlobalSection
EndGlobal
